
Microsoft Visual Studio Solution File, Format Version 12.00
# Visual Studio for Mac
Project("{FAE04EC0-301F-11D3-BF4B-00C04F79EFBC}") = "WEEK5", "Assembly-CSharp.csproj", "{ED645AD7-3BCD-CAE1-10D8-B1FFA5D4B059}"
EndProject
Project("{FAE04EC0-301F-11D3-BF4B-00C04F79EFBC}") = "WEEK5", "Assembly-CSharp-Editor.csproj", "{17953224-8679-034E-32D0-B4D37B21A7B4}"
EndProject
Global
	GlobalSection(SolutionConfigurationPlatforms) = preSolution
		Debug|Any CPU = Debug|Any CPU
		Release|Any CPU = Release|Any CPU
	EndGlobalSection
	GlobalSection(ProjectConfigurationPlatforms) = postSolution
		{ED645AD7-3BCD-CAE1-10D8-B1FFA5D4B059}.Debug|Any CPU.ActiveCfg = Debug|Any CPU
		{ED645AD7-3BCD-CAE1-10D8-B1FFA5D4B059}.Debug|Any CPU.Build.0 = Debug|Any CPU
		{ED645AD7-3BCD-CAE1-10D8-B1FFA5D4B059}.Release|Any CPU.ActiveCfg = Release|Any CPU
		{ED645AD7-3BCD-CAE1-10D8-B1FFA5D4B059}.Release|Any CPU.Build.0 = Release|Any CPU
		{17953224-8679-034E-32D0-B4D37B21A7B4}.Debug|Any CPU.ActiveCfg = Debug|Any CPU
		{17953224-8679-034E-32D0-B4D37B21A7B4}.Debug|Any CPU.Build.0 = Debug|Any CPU
		{17953224-8679-034E-32D0-B4D37B21A7B4}.Release|Any CPU.ActiveCfg = Release|Any CPU
		{17953224-8679-034E-32D0-B4D37B21A7B4}.Release|Any CPU.Build.0 = Release|Any CPU
	EndGlobalSection
	GlobalSection(SolutionProperties) = preSolution
		HideSolutionNode = FALSE
	EndGlobalSection
EndGlobal
